github.com/apex/log v1.1.0 h1:J5rld6WVFi6NxA6m8GJ1LJqu3+GiTFIt3mYv27gdQWI=
github.com/apex/log v1.1.0/go.mod h1:yA770aXIDQrhVOIGurT/pVdfCpSq1GQV/auzMN5fzvY=
github.com/blang/semver v3.5.0+incompatible h1:CGxCgetQ64DKk7rdZ++Vfnb1+ogGNnB17OJKJXD2Cfs=
github.com/blang/semver v3.5.0+incompatible/go.mod h1:kRBLl5iJ+tD4TcOOxsy/0fnwebNt5EWlYSAyrTnjyyk=
github.com/cyphar/filepath-securejoin v0.2.2-0.20170720062807-ae69057f2299 h1:nUfv7MlU7+tVPAYFEolaOth6D88fAgKsxmYCPhBvD5U=
github.com/cyphar/filepath-securejoin v0.2.2-0.20170720062807-ae69057f2299/go.mod h1:FpkQEhXnPnOthhzymB7CGsFk2G9VLXONKD9G7QGMM+4=
github.com/davecgh/go-spew v1.1.0/go.mod h1:J7Y8YcW2NihsgmVo/mv3lAwl/skON4iLHjSsI+c5H38=
github.com/davecgh/go-spew v1.1.1 h1:vj9j/u1bqnvCEfJOwUhtlOARqs3+rkHYY13jYWTU97c=
github.com/davecgh/go-spew v1.1.1/go.mod h1:J7Y8YcW2NihsgmVo/mv3lAwl/skON4iLHjSsI+c5H38=
github.com/docker/go-units v0.3.3 h1:Xk8S3Xj5sLGlG5g67hJmYMmUgXv5N4PhkjJHHqrwnTk=
github.com/docker/go-units v0.3.3/go.mod h1:fgPhTUdO+D/Jk86RDLlptpiXQzgHJF7gydDDbaIK4Dk=
github.com/golang/protobuf v1.2.1-0.20180821051752-b27b920f9e71 h1:ZSkzgWKn/MMHEiPAFBOcGlqYijB/R0PioB7/s8bxwk4=
github.com/golang/protobuf v1.2.1-0.20180821051752-b27b920f9e71/go.mod h1:6lQm79b+lXiMfvg/cZm0SGofjICqVBUtrP5yJMmIC1U=
github.com/hashicorp/errwrap v0.0.0-20141028054710-7554cd9344ce h1:prjrVgOk2Yg6w+PflHoszQNLTUh4kaByUcEWM/9uin4=
github.com/hashicorp/errwrap v0.0.0-20141028054710-7554cd9344ce/go.mod h1:YH+1FKiLXxHSkmPseP+kNlulaMuP3n2brvKWEqk/Jc4=
github.com/hashicorp/go-multierror v0.0.0-20161216184304-ed905158d874 h1:cAv7ZbSmyb1wjn6T4TIiyFCkpcfgpbcNNC3bM2srLaI=
github.com/hashicorp/go-multierror v0.0.0-20161216184304-ed905158d874/go.mod h1:JMRHfdO9jKNzS/+BTlxCjKNQHg/jZAft8U7LloJvN7I=
github.com/klauspost/compress v1.4.1-0.20180801095237-b50017755d44 h1:YNBbDdxgQZCxH3Puzj/Wqkd5RLwhRw7Vip17FvAV1vw=
github.com/klauspost/compress v1.4.1-0.20180801095237-b50017755d44/go.mod h1:RyIbtBH6LamlWaDj8nUwkbUhJ87Yi3uG0guNDohfE1A=
github.com/klauspost/cpuid v1.2.0 h1:NMpwD2G9JSFOE1/TJjGSo5zG7Yb2bTe7eq1jH+irmeE=
github.com/klauspost/cpuid v1.2.0/go.mod h1:Pj4uuM528wm8OyEC2QMXAi2YiTZ96dNQPGgoMS4s3ek=
github.com/klauspost/crc32 v1.2.0 h1:0VuyqOCruD33/lJ/ojXNvzVyl8Zr5zdTmj9l9qLZ86I=
github.com/klauspost/crc32 v1.2.0/go.mod h1:+ZoRqAPRLkC4NPOvfYeR5KNOrY6TD+/sAC3HXPZgDYg=
github.com/klauspost/pgzip v1.2.0 h1:SPtjjC68wy5g65KwQS4TcYtm6x/O8H4jSxtKZfhN4s0=
github.com/klauspost/pgzip v1.2.0/go.mod h1:Ch1tH69qFZu15pkjo5kYi6mth2Zzwzt50oCQKQE9RUs=
github.com/mohae/deepcopy v0.0.0-20170929034955-c48cc78d4826 h1:RWengNIwukTxcDr9M+97sNutRR1RKhG96O6jWumTTnw=
github.com/mohae/deepcopy v0.0.0-20170929034955-c48cc78d4826/go.mod h1:TaXosZuwdSHYgviHp1DAtfrULt5eUgsSMsZf+YrPgl8=
github.com/openSUSE/umoci v0.4.2-0.20180828101621-f2ced05ae289 h1:YbgMW+DGQia+Pj1G7nEyPu7XUW5UUQrAktH81xv5IcI=
github.com/openSUSE/umoci v0.4.2-0.20180828101621-f2ced05ae289/go.mod h1:FeYjqMzUOsc49joNE3Rndjk4bV3O3cG91RDUwCYaVd4=
github.com/opencontainers/go-digest v1.0.0-rc1.0.20180430190053-c9281466c8b2 h1:2C93eP55foV5f0eNmXbidhKzwUZbs/Gk4PRp1zfeffs=
github.com/opencontainers/go-digest v1.0.0-rc1.0.20180430190053-c9281466c8b2/go.mod h1:cMLVZDEM3+U2I4VmLI6N8jQYUd2OVphdqWwCJHrFt2s=
github.com/opencontainers/image-spec v1.0.1-0.20180411145040-e562b0440392 h1:7/kMELPooNPfxKQcZdQ5a9YvjUU34W0+4R/S2bWcir8=
github.com/opencontainers/image-spec v1.0.1-0.20180411145040-e562b0440392/go.mod h1:BtxoFyWECRxE4U/7sNtV5W15zMzWCbyJoFRP3s7yZA0=
github.com/opencontainers/runtime-spec v1.0.2-0.20180710222632-d810dbc60d8c h1:XJUn187m0agBTfsnpDtOAca5bVFWl12glemguSZTlrA=
github.com/opencontainers/runtime-spec v1.0.2-0.20180710222632-d810dbc60d8c/go.mod h1:jwyrGlmzljRJv/Fgzds9SsS/C5hL+LL3ko9hs6T5lQ0=
github.com/opencontainers/runtime-tools v0.7.1-0.20180822021132-d0b00639c292 h1:Jv+9+W/xc+JVmw4H6BcFygRCPVf5yPkSP+wCmaaf32Y=
github.com/opencontainers/runtime-tools v0.7.1-0.20180822021132-d0b00639c292/go.mod h1:r3f7wjNzSs2extwzU3Y+6pKfobzPh+kKFJ3ofN+3nfs=
github.com/pkg/errors v0.8.1-0.20180311214515-816c9085562c h1:SZvPVPsWE261bl8uxQ6Siq+ExNmYomz4CTU9E0ALgj4=
github.com/pkg/errors v0.8.1-0.20180311214515-816c9085562c/go.mod h1:bwawxfHBFNV+L2hUp1rHADufV3IMtnDRdf1r5NINEl0=
github.com/pmezard/go-difflib v1.0.0 h1:4DBwDE0NGyQoBHbLQYPwSUPoCMWR5BEzIk/f1lZbAQM=
github.com/pmezard/go-difflib v1.0.0/go.mod h1:iKH77koFhYxTK1pcRnkKkqfTogsbg7gZNVY4sRDYZ/4=
github.com/sirupsen/logrus v1.0.6 h1:hcP1GmhGigz/O7h1WVUM5KklBp1JoNS9FggWKdj/j3s=
github.com/sirupsen/logrus v1.0.6/go.mod h1:pMByvHTf9Beacp5x1UXfOR9xyW/9antXMhjMPG0dEzc=
github.com/stretchr/objx v0.1.0/go.mod h1:HFkY916IF+rwdDfMAkV7OtwuqBVzrE8GR6GFx+wExME=
github.com/stretchr/testify v1.7.1 h1:5TQK59W5E3v0r2duFAb7P95B6hEeOyEnHRa8MjYSMTY=
github.com/stretchr/testify v1.7.1/go.mod h1:6Fq8oRcR53rry900zMqJjRRixrwX3KX962/h/Wwjteg=
github.com/syndtr/gocapability v0.0.0-20170704070218-db04d3cc01c8 h1:zLV6q4e8Jv9EHjNg/iHfzwDkCve6Ua5jCygptrtXHvI=
github.com/syndtr/gocapability v0.0.0-20170704070218-db04d3cc01c8/go.mod h1:hkRG7XYTFWNJGYcbNJQlaLq0fg1yr4J4t/NcTQtrfww=
github.com/urfave/cli v1.20.1-0.20180821064027-934abfb2f102 h1:XZusSml6UyCoSyEei/z5tpXFkDs+13hzW4+edSm5YNk=
github.com/urfave/cli v1.20.1-0.20180821064027-934abfb2f102/go.mod h1:70zkFmudgCuE/ngEzBv17Jvp/497gISqfk5gWijbERA=
github.com/vbatts/go-mtree v0.4.3 h1:IC2s9EpogK3QzU+VsfuEdM7POkwnW43XDGAWO2Rb1Bo=
github.com/vbatts/go-mtree v0.4.3/go.mod h1:3sazBqLG4bZYmgRTgdh9X3iKTzwBpp5CrREJDzrNSXY=
github.com/xeipuuv/gojsonpointer v0.0.0-20170225233418-6fe8760cad35 h1:0TnXeVP6mx+A4CBf8cQVkQfkhyGBQCmJcT4g6zKzm7M=
github.com/xeipuuv/gojsonpointer v0.0.0-20170225233418-6fe8760cad35/go.mod h1:N2zxlSyiKSe5eX1tZViRH5QA0qijqEDrYZiPEAiq3wU=
github.com/xeipuuv/gojsonreference v0.0.0-20150808065054-e02fc20de94c h1:XZWnr3bsDQWAZg4Ne+cPoXRPILrNlPNQfxBuwLl43is=
github.com/xeipuuv/gojsonreference v0.0.0-20150808065054-e02fc20de94c/go.mod h1:GwrjFmJcFw6At/Gs6z4yjiIwzuJ1/+UwLxMQDVQXShQ=
github.com/xeipuuv/gojsonschema v0.0.0-20170528113821-0c8571ac0ce1 h1:p7SJSlzQ0w/wo+yjj+lnaOsAFlC0AL+t6QWkR2P7X18=
github.com/xeipuuv/gojsonschema v0.0.0-20170528113821-0c8571ac0ce1/go.mod h1:5yf86TLmAcydyeJq5YvxkGPE2fm/u4myDekKRoLuqhs=
golang.org/x/crypto v0.0.0-20180820150726-614d502a4dac h1:7d7lG9fHOLdL6jZPtnV4LpI41SbohIJ1Atq7U991dMg=
golang.org/x/crypto v0.0.0-20180820150726-614d502a4dac/go.mod h1:6SG95UA2DQfeDnfUPMdvaQW0Q7yPrPDi9nlGo2tz2b4=
golang.org/x/net v0.0.0-20180826012351-8a410e7b638d h1:g9qWBGx4puODJTMVyoPrpoxPFgVGd+z1DZwjfRu4d0I=
golang.org/x/net v0.0.0-20180826012351-8a410e7b638d/go.mod h1:mL1N/T3taQHkDXs73rZJwtUhF3w3ftmwwsq0BUmARs4=
golang.org/x/sync v0.0.0-20210220032951-036812b2e83c h1:5KslGYwFpkhGh+Q16bwMP3cOontH8FOep7tGV86Y7SQ=
golang.org/x/sync v0.0.0-20210220032951-036812b2e83c/go.mod h1:RxMgew5VJxzue5/jJTE5uejpjVlOe/izrB70Jof72aM=
golang.org/x/sys v0.0.0-20171017063910-8dbc5d05d6ed h1:7TjTAJENziDn0SiwaaVypM+TFSq4rk6LJOuy3GUKMhg=
golang.org/x/sys v0.0.0-20171017063910-8dbc5d05d6ed/go.mod h1:STP8DvDyc/dI5b8T5hshtkjS+E42TnysNCUPdjciGhY=
gopkg.in/airbrake/gobrake.v2 v2.0.9 h1:7z2uVWwn7oVeeugY1DtlPAy5H+KYgB1KeKTnqjNatLo=
gopkg.in/airbrake/gobrake.v2 v2.0.9/go.mod h1:/h5ZAUhDkGaJfjzjKLSjv6zCL6O0LLBxU4K+aSYdM/U=
gopkg.in/check.v1 v0.0.0-20161208181325-20d25e280405/go.mod h1:Co6ibVJAznAaIkqp8huTwlJQCZ016jof/cbN4VW5Yz0=
gopkg.in/gemnasium/logrus-airbrake-hook.v2 v2.1.2 h1:OAj3g0cR6Dx/R07QgQe8wkA9RNjB2u4i700xBkIT4e0=
gopkg.in/gemnasium/logrus-airbrake-hook.v2 v2.1.2/go.mod h1:Xk6kEKp8OKb+X14hQBKWaSkCsqBpgog8nAV2xsGOxlo=
gopkg.in/yaml.v3 v3.0.0-20200313102051-9f266ea9e77c h1:dUUwHk2QECo/6vqA44rthZ8ie2QXMNeKRTHCNY2nXvo=
gopkg.in/yaml.v3 v3.0.0-20200313102051-9f266ea9e77c/go.mod h1:K4uyk7z7BCEPqu6E+C64Yfv1cQ7kz7rIZviUmN+EgEM=
